
Microsoft Visual Studio Solution File, Format Version 12.00
# Visual Studio 15
VisualStudioVersion = 15.0.28307.136
MinimumVisualStudioVersion = 10.0.40219.1
Project("{FAE04EC0-301F-11D3-BF4B-00C04F79EFBC}") = "wfaOOGabrielBertti", "wfaOOGabrielBertti\wfaOOGabrielBertti.csproj", "{29DCE9CD-AF6C-4D9C-8A49-96CA29DF4992}"
EndProject
Global
	GlobalSection(SolutionConfigurationPlatforms) = preSolution
		Debug|Any CPU = Debug|Any CPU
		Release|Any CPU = Release|Any CPU
	EndGlobalSection
	GlobalSection(ProjectConfigurationPlatforms) = postSolution
		{29DCE9CD-AF6C-4D9C-8A49-96CA29DF4992}.Debug|Any CPU.ActiveCfg = Debug|Any CPU
		{29DCE9CD-AF6C-4D9C-8A49-96CA29DF4992}.Debug|Any CPU.Build.0 = Debug|Any CPU
		{29DCE9CD-AF6C-4D9C-8A49-96CA29DF4992}.Release|Any CPU.ActiveCfg = Release|Any CPU
		{29DCE9CD-AF6C-4D9C-8A49-96CA29DF4992}.Release|Any CPU.Build.0 = Release|Any CPU
	EndGlobalSection
	GlobalSection(SolutionProperties) = preSolution
		HideSolutionNode = FALSE
	EndGlobalSection
	GlobalSection(ExtensibilityGlobals) = postSolution
		SolutionGuid = {746B7CED-526D-4AF1-963B-AE62EE0D05B8}
	EndGlobalSection
EndGlobal
